
Microsoft Visual Studio Solution File, Format Version 12.00
# Visual Studio Version 17
VisualStudioVersion = 17.0.31903.59
MinimumVisualStudioVersion = 10.0.40219.1
Project("{FAE04EC0-301F-11D3-BF4B-00C04F79EFBC}") = "MoreOnNumeric", "MoreOnNumeric\MoreOnNumeric.csproj", "{B9572F8E-6F14-4E49-95C3-2E28A348C77A}"
EndProject
Global
	GlobalSection(SolutionConfigurationPlatforms) = preSolution
		Debug|Any CPU = Debug|Any CPU
		Release|Any CPU = Release|Any CPU
	EndGlobalSection
	GlobalSection(SolutionProperties) = preSolution
		HideSolutionNode = FALSE
	EndGlobalSection
	GlobalSection(ProjectConfigurationPlatforms) = postSolution
		{B9572F8E-6F14-4E49-95C3-2E28A348C77A}.Debug|Any CPU.ActiveCfg = Debug|Any CPU
		{B9572F8E-6F14-4E49-95C3-2E28A348C77A}.Debug|Any CPU.Build.0 = Debug|Any CPU
		{B9572F8E-6F14-4E49-95C3-2E28A348C77A}.Release|Any CPU.ActiveCfg = Release|Any CPU
		{B9572F8E-6F14-4E49-95C3-2E28A348C77A}.Release|Any CPU.Build.0 = Release|Any CPU
	EndGlobalSection
EndGlobal
